
Microsoft Visual Studio Solution File, Format Version 12.00
# Visual Studio Version 17
VisualStudioVersion = 17.4.33110.190
MinimumVisualStudioVersion = 10.0.40219.1
Project("{9A19103F-16F7-4668-BE54-9A1E7A4F7556}") = "Books", "Books.csproj", "{B1B1BAA7-7CA1-447A-9847-4928F7855522}"
EndProject
Global
	GlobalSection(SolutionConfigurationPlatforms) = preSolution
		Debug|Any CPU = Debug|Any CPU
		Release|Any CPU = Release|Any CPU
	EndGlobalSection
	GlobalSection(ProjectConfigurationPlatforms) = postSolution
		{B1B1BAA7-7CA1-447A-9847-4928F7855522}.Debug|Any CPU.ActiveCfg = Debug|Any CPU
		{B1B1BAA7-7CA1-447A-9847-4928F7855522}.Debug|Any CPU.Build.0 = Debug|Any CPU
		{B1B1BAA7-7CA1-447A-9847-4928F7855522}.Release|Any CPU.ActiveCfg = Release|Any CPU
		{B1B1BAA7-7CA1-447A-9847-4928F7855522}.Release|Any CPU.Build.0 = Release|Any CPU
	EndGlobalSection
	GlobalSection(SolutionProperties) = preSolution
		HideSolutionNode = FALSE
	EndGlobalSection
	GlobalSection(ExtensibilityGlobals) = postSolution
		SolutionGuid = {53131739-F8AF-47AB-946A-DD6BB5BB03DC}
	EndGlobalSection
EndGlobal
